
Microsoft Visual Studio Solution File, Format Version 12.00
# Visual Studio Version 17
VisualStudioVersion = 17.0.31912.275
MinimumVisualStudioVersion = 10.0.40219.1
Project("{FAE04EC0-301F-11D3-BF4B-00C04F79EFBC}") = "Lab_23", "Lab_23\Lab_23.csproj", "{BF1F16CD-12C0-4AD7-952C-C811109239FE}"
EndProject
Global
	GlobalSection(SolutionConfigurationPlatforms) = preSolution
		Debug|Any CPU = Debug|Any CPU
		Release|Any CPU = Release|Any CPU
	EndGlobalSection
	GlobalSection(ProjectConfigurationPlatforms) = postSolution
		{BF1F16CD-12C0-4AD7-952C-C811109239FE}.Debug|Any CPU.ActiveCfg = Debug|Any CPU
		{BF1F16CD-12C0-4AD7-952C-C811109239FE}.Debug|Any CPU.Build.0 = Debug|Any CPU
		{BF1F16CD-12C0-4AD7-952C-C811109239FE}.Release|Any CPU.ActiveCfg = Release|Any CPU
		{BF1F16CD-12C0-4AD7-952C-C811109239FE}.Release|Any CPU.Build.0 = Release|Any CPU
	EndGlobalSection
	GlobalSection(SolutionProperties) = preSolution
		HideSolutionNode = FALSE
	EndGlobalSection
	GlobalSection(ExtensibilityGlobals) = postSolution
		SolutionGuid = {F2A2A7D8-55A9-4767-B5B8-8A1E6140E99C}
	EndGlobalSection
EndGlobal
